
Microsoft Visual Studio Solution File, Format Version 12.00
# Visual Studio Version 17
VisualStudioVersion = 17.9.34728.123
MinimumVisualStudioVersion = 10.0.40219.1
Project("{9A19103F-16F7-4668-BE54-9A1E7A4F7556}") = "NandgameEmulator", "kArdware\NandgameEmulator.csproj", "{CD7B39CA-3D28-4C0E-9138-3A56EDC05C6F}"
EndProject
Global
	GlobalSection(SolutionConfigurationPlatforms) = preSolution
		Debug|Any CPU = Debug|Any CPU
		Release|Any CPU = Release|Any CPU
	EndGlobalSection
	GlobalSection(ProjectConfigurationPlatforms) = postSolution
		{CD7B39CA-3D28-4C0E-9138-3A56EDC05C6F}.Debug|Any CPU.ActiveCfg = Debug|Any CPU
		{CD7B39CA-3D28-4C0E-9138-3A56EDC05C6F}.Debug|Any CPU.Build.0 = Debug|Any CPU
		{CD7B39CA-3D28-4C0E-9138-3A56EDC05C6F}.Release|Any CPU.ActiveCfg = Release|Any CPU
		{CD7B39CA-3D28-4C0E-9138-3A56EDC05C6F}.Release|Any CPU.Build.0 = Release|Any CPU
	EndGlobalSection
	GlobalSection(SolutionProperties) = preSolution
		HideSolutionNode = FALSE
	EndGlobalSection
	GlobalSection(ExtensibilityGlobals) = postSolution
		SolutionGuid = {D295AF72-8B8B-47D4-9A4D-EF91572F76C9}
	EndGlobalSection
EndGlobal
